
Microsoft Visual Studio Solution File, Format Version 12.00
# Visual Studio 15
VisualStudioVersion = 15.0.26124.0
MinimumVisualStudioVersion = 15.0.26124.0
Project("{9A19103F-16F7-4668-BE54-9A1E7A4F7556}") = "R5T.Aalborg.Construction", "R5T.Aalborg.Construction\R5T.Aalborg.Construction.csproj", "{E6956FEA-31BA-4132-9839-2E6E7237CCE3}"
EndProject
Project("{9A19103F-16F7-4668-BE54-9A1E7A4F7556}") = "R5T.Aalborg", "R5T.Aalborg\R5T.Aalborg.csproj", "{FA6B323E-1D65-4ADC-858B-B4062C18596E}"
EndProject
Project("{9A19103F-16F7-4668-BE54-9A1E7A4F7556}") = "R5T.Aalborg.Abstractions", "R5T.Aalborg.Abstractions\R5T.Aalborg.Abstractions.csproj", "{EDE10B51-89DE-4BEC-8D27-5CF6DF529CAD}"
EndProject
Project("{FAE04EC0-301F-11D3-BF4B-00C04F79EFBC}") = "R5T.Aalborg.Extensions", "R5T.Aalborg.Extensions\R5T.Aalborg.Extensions.csproj", "{F2ADAEBF-8415-4484-A6F7-6B3F3FF6473F}"
EndProject
Global
	GlobalSection(SolutionConfigurationPlatforms) = preSolution
		Debug|Any CPU = Debug|Any CPU
		Debug|x64 = Debug|x64
		Debug|x86 = Debug|x86
		Release|Any CPU = Release|Any CPU
		Release|x64 = Release|x64
		Release|x86 = Release|x86
	EndGlobalSection
	GlobalSection(ProjectConfigurationPlatforms) = postSolution
		{E6956FEA-31BA-4132-9839-2E6E7237CCE3}.Debug|Any CPU.ActiveCfg = Debug|Any CPU
		{E6956FEA-31BA-4132-9839-2E6E7237CCE3}.Debug|Any CPU.Build.0 = Debug|Any CPU
		{E6956FEA-31BA-4132-9839-2E6E7237CCE3}.Debug|x64.ActiveCfg = Debug|Any CPU
		{E6956FEA-31BA-4132-9839-2E6E7237CCE3}.Debug|x64.Build.0 = Debug|Any CPU
		{E6956FEA-31BA-4132-9839-2E6E7237CCE3}.Debug|x86.ActiveCfg = Debug|Any CPU
		{E6956FEA-31BA-4132-9839-2E6E7237CCE3}.Debug|x86.Build.0 = Debug|Any CPU
		{E6956FEA-31BA-4132-9839-2E6E7237CCE3}.Release|Any CPU.ActiveCfg = Release|Any CPU
		{E6956FEA-31BA-4132-9839-2E6E7237CCE3}.Release|Any CPU.Build.0 = Release|Any CPU
		{E6956FEA-31BA-4132-9839-2E6E7237CCE3}.Release|x64.ActiveCfg = Release|Any CPU
		{E6956FEA-31BA-4132-9839-2E6E7237CCE3}.Release|x64.Build.0 = Release|Any CPU
		{E6956FEA-31BA-4132-9839-2E6E7237CCE3}.Release|x86.ActiveCfg = Release|Any CPU
		{E6956FEA-31BA-4132-9839-2E6E7237CCE3}.Release|x86.Build.0 = Release|Any CPU
		{FA6B323E-1D65-4ADC-858B-B4062C18596E}.Debug|Any CPU.ActiveCfg = Debug|Any CPU
		{FA6B323E-1D65-4ADC-858B-B4062C18596E}.Debug|Any CPU.Build.0 = Debug|Any CPU
		{FA6B323E-1D65-4ADC-858B-B4062C18596E}.Debug|x64.ActiveCfg = Debug|Any CPU
		{FA6B323E-1D65-4ADC-858B-B4062C18596E}.Debug|x64.Build.0 = Debug|Any CPU
		{FA6B323E-1D65-4ADC-858B-B4062C18596E}.Debug|x86.ActiveCfg = Debug|Any CPU
		{FA6B323E-1D65-4ADC-858B-B4062C18596E}.Debug|x86.Build.0 = Debug|Any CPU
		{FA6B323E-1D65-4ADC-858B-B4062C18596E}.Release|Any CPU.ActiveCfg = Release|Any CPU
		{FA6B323E-1D65-4ADC-858B-B4062C18596E}.Release|Any CPU.Build.0 = Release|Any CPU
		{FA6B323E-1D65-4ADC-858B-B4062C18596E}.Release|x64.ActiveCfg = Release|Any CPU
		{FA6B323E-1D65-4ADC-858B-B4062C18596E}.Release|x64.Build.0 = Release|Any CPU
		{FA6B323E-1D65-4ADC-858B-B4062C18596E}.Release|x86.ActiveCfg = Release|Any CPU
		{FA6B323E-1D65-4ADC-858B-B4062C18596E}.Release|x86.Build.0 = Release|Any CPU
		{EDE10B51-89DE-4BEC-8D27-5CF6DF529CAD}.Debug|Any CPU.ActiveCfg = Debug|Any CPU
		{EDE10B51-89DE-4BEC-8D27-5CF6DF529CAD}.Debug|Any CPU.Build.0 = Debug|Any CPU
		{EDE10B51-89DE-4BEC-8D27-5CF6DF529CAD}.Debug|x64.ActiveCfg = Debug|Any CPU
		{EDE10B51-89DE-4BEC-8D27-5CF6DF529CAD}.Debug|x64.Build.0 = Debug|Any CPU
		{EDE10B51-89DE-4BEC-8D27-5CF6DF529CAD}.Debug|x86.ActiveCfg = Debug|Any CPU
		{EDE10B51-89DE-4BEC-8D27-5CF6DF529CAD}.Debug|x86.Build.0 = Debug|Any CPU
		{EDE10B51-89DE-4BEC-8D27-5CF6DF529CAD}.Release|Any CPU.ActiveCfg = Release|Any CPU
		{EDE10B51-89DE-4BEC-8D27-5CF6DF529CAD}.Release|Any CPU.Build.0 = Release|Any CPU
		{EDE10B51-89DE-4BEC-8D27-5CF6DF529CAD}.Release|x64.ActiveCfg = Release|Any CPU
		{EDE10B51-89DE-4BEC-8D27-5CF6DF529CAD}.Release|x64.Build.0 = Release|Any CPU
		{EDE10B51-89DE-4BEC-8D27-5CF6DF529CAD}.Release|x86.ActiveCfg = Release|Any CPU
		{EDE10B51-89DE-4BEC-8D27-5CF6DF529CAD}.Release|x86.Build.0 = Release|Any CPU
		{F2ADAEBF-8415-4484-A6F7-6B3F3FF6473F}.Debug|Any CPU.ActiveCfg = Debug|Any CPU
		{F2ADAEBF-8415-4484-A6F7-6B3F3FF6473F}.Debug|Any CPU.Build.0 = Debug|Any CPU
		{F2ADAEBF-8415-4484-A6F7-6B3F3FF6473F}.Debug|x64.ActiveCfg = Debug|Any CPU
		{F2ADAEBF-8415-4484-A6F7-6B3F3FF6473F}.Debug|x64.Build.0 = Debug|Any CPU
		{F2ADAEBF-8415-4484-A6F7-6B3F3FF6473F}.Debug|x86.ActiveCfg = Debug|Any CPU
		{F2ADAEBF-8415-4484-A6F7-6B3F3FF6473F}.Debug|x86.Build.0 = Debug|Any CPU
		{F2ADAEBF-8415-4484-A6F7-6B3F3FF6473F}.Release|Any CPU.ActiveCfg = Release|Any CPU
		{F2ADAEBF-8415-4484-A6F7-6B3F3FF6473F}.Release|Any CPU.Build.0 = Release|Any CPU
		{F2ADAEBF-8415-4484-A6F7-6B3F3FF6473F}.Release|x64.ActiveCfg = Release|Any CPU
		{F2ADAEBF-8415-4484-A6F7-6B3F3FF6473F}.Release|x64.Build.0 = Release|Any CPU
		{F2ADAEBF-8415-4484-A6F7-6B3F3FF6473F}.Release|x86.ActiveCfg = Release|Any CPU
		{F2ADAEBF-8415-4484-A6F7-6B3F3FF6473F}.Release|x86.Build.0 = Release|Any CPU
	EndGlobalSection
	GlobalSection(SolutionProperties) = preSolution
		HideSolutionNode = FALSE
	EndGlobalSection
	GlobalSection(ExtensibilityGlobals) = postSolution
		SolutionGuid = {C2C4C7F1-F613-4C0E-A96B-E373B036A170}
	EndGlobalSection
EndGlobal
